
Microsoft Visual Studio Solution File, Format Version 12.00
# Visual Studio 15
VisualStudioVersion = 15.0.26730.12
MinimumVisualStudioVersion = 10.0.40219.1
Project("{FAE04EC0-301F-11D3-BF4B-00C04F79EFBC}") = "ProgramRunner", "ProgramRunner\ProgramRunner.csproj", "{D191A7D8-254E-4064-BC0B-B68F09FCFAFC}"
EndProject
Project("{FAE04EC0-301F-11D3-BF4B-00C04F79EFBC}") = "Lib1", "Lib1\Lib1.csproj", "{3D638ED8-1E54-4A10-8AFB-979CF0C0A61C}"
EndProject
Project("{FAE04EC0-301F-11D3-BF4B-00C04F79EFBC}") = "UnitTest", "UnitTest\UnitTest.csproj", "{5E9196FA-D08A-4AF4-A6A2-29E67BFCD591}"
EndProject
Global
	GlobalSection(SolutionConfigurationPlatforms) = preSolution
		Debug|Any CPU = Debug|Any CPU
		Release|Any CPU = Release|Any CPU
	EndGlobalSection
	GlobalSection(ProjectConfigurationPlatforms) = postSolution
		{D191A7D8-254E-4064-BC0B-B68F09FCFAFC}.Debug|Any CPU.ActiveCfg = Debug|Any CPU
		{D191A7D8-254E-4064-BC0B-B68F09FCFAFC}.Debug|Any CPU.Build.0 = Debug|Any CPU
		{D191A7D8-254E-4064-BC0B-B68F09FCFAFC}.Release|Any CPU.ActiveCfg = Release|Any CPU
		{D191A7D8-254E-4064-BC0B-B68F09FCFAFC}.Release|Any CPU.Build.0 = Release|Any CPU
		{3D638ED8-1E54-4A10-8AFB-979CF0C0A61C}.Debug|Any CPU.ActiveCfg = Debug|Any CPU
		{3D638ED8-1E54-4A10-8AFB-979CF0C0A61C}.Debug|Any CPU.Build.0 = Debug|Any CPU
		{3D638ED8-1E54-4A10-8AFB-979CF0C0A61C}.Release|Any CPU.ActiveCfg = Release|Any CPU
		{3D638ED8-1E54-4A10-8AFB-979CF0C0A61C}.Release|Any CPU.Build.0 = Release|Any CPU
		{5E9196FA-D08A-4AF4-A6A2-29E67BFCD591}.Debug|Any CPU.ActiveCfg = Debug|Any CPU
		{5E9196FA-D08A-4AF4-A6A2-29E67BFCD591}.Debug|Any CPU.Build.0 = Debug|Any CPU
		{5E9196FA-D08A-4AF4-A6A2-29E67BFCD591}.Release|Any CPU.ActiveCfg = Release|Any CPU
		{5E9196FA-D08A-4AF4-A6A2-29E67BFCD591}.Release|Any CPU.Build.0 = Release|Any CPU
	EndGlobalSection
	GlobalSection(SolutionProperties) = preSolution
		HideSolutionNode = FALSE
	EndGlobalSection
	GlobalSection(ExtensibilityGlobals) = postSolution
		SolutionGuid = {9FD86C8A-5804-4F33-91F8-B2B4676CB616}
	EndGlobalSection
EndGlobal
